PODS:
  - AFNetworking (3.2.1):
    - AFNetworking/NSURLSession (= 3.2.1)
    - AFNetworking/Reachability (= 3.2.1)
    - AFNetworking/Security (= 3.2.1)
    - AFNetworking/Serialization (= 3.2.1)
    - AFNetworking/UIKit (= 3.2.1)
  - AFNetworking/NSURLSession (3.2.1):
    - AFNetworking/Reachability
    - AFNetworking/Security
    - AFNetworking/Serialization
  - AFNetworking/Reachability (3.2.1)
  - AFNetworking/Security (3.2.1)
  - AFNetworking/Serialization (3.2.1)
  - AFNetworking/UIKit (3.2.1):
    - AFNetworking/NSURLSession
  - GTMBase64 (1.0.1)
  - JLPayNetwork (0.0.4):
    - AFNetworking (~> 3.2.1)
    - YYKit (~> 1.0.9)
  - KeychainItemWrapper (1.2)
  - RSAUtil (1.0)
  - YYKit (1.0.9):
    - YYKit/no-arc (= 1.0.9)
  - YYKit/no-arc (1.0.9)

DEPENDENCIES:
  - GTMBase64 (~> 1.0.1)
  - JLPayNetwork (from `../`)
  - KeychainItemWrapper (~> 1.2)
  - RSAUtil (~> 1.0)

SPEC REPOS:
  https://github.com/cocoapods/specs.git:
    - AFNetworking
    - GTMBase64
    - KeychainItemWrapper
    - RSAUtil
    - YYKit

EXTERNAL SOURCES:
  JLPayNetwork:
    :path: "../"

SPEC CHECKSUMS:
  AFNetworking: b6f891fdfaed196b46c7a83cf209e09697b94057
  GTMBase64: f0f91be06a7a20b84c8e4fee30c0430395091d82
  JLPayNetwork: 65d285a4ac7e4c261bb5bd1083ea632d8f73683e
  KeychainItemWrapper: 67a240172ed669842bc6bc13ed554dcd50469fa2
  RSAUtil: 9ee452c121696122df03529323da805ddc815156
  YYKit: 7cda43304a8dc3696c449041e2cb3107b4e236e7

PODFILE CHECKSUM: fa3ef9a52edf58d392f1c74aee15896c153b21a2

COCOAPODS: 1.5.3
